
Microsoft Visual Studio Solution File, Format Version 12.00
# Visual Studio 15
VisualStudioVersion = 15.0.28307.271
MinimumVisualStudioVersion = 10.0.40219.1
Project("{8BC9CEB8-8B4A-11D0-8D11-00A0C91BC942}") = "ConsoleApplication1", "ConsoleApplication1\ConsoleApplication1.vcxproj", "{AA09DCF9-4CF1-4E06-970C-4BAA897A5848}"
EndProject
Project("{2150E333-8FDC-42A3-9474-1A3956D46DE8}") = "programing_training", "programing_training", "{47892F65-2D70-4ADD-8954-6DDB043FB26A}"
EndProject
Project("{8BC9CEB8-8B4A-11D0-8D11-00A0C91BC942}") = "Display_calendar", "Display_calendar\Display_calendar.vcxproj", "{C77B954F-3612-40F1-A036-9B411E2D85C3}"
EndProject
Project("{8BC9CEB8-8B4A-11D0-8D11-00A0C91BC942}") = "gugu", "gugu\gugu.vcxproj", "{8F2EDE25-EA48-4631-882E-181759DD4819}"
EndProject
Project("{8BC9CEB8-8B4A-11D0-8D11-00A0C91BC942}") = "사다리타기", "사다리타기\사다리타기.vcxproj", "{4670EA85-0FF8-4AB5-8D65-BED09E6942E8}"
EndProject
Project("{8BC9CEB8-8B4A-11D0-8D11-00A0C91BC942}") = "미로저장하기", "미로저장하기\미로저장하기.vcxproj", "{DA6D5D5D-1729-4E83-A92A-516E40882B9A}"
EndProject
Project("{8BC9CEB8-8B4A-11D0-8D11-00A0C91BC942}") = "실습", "실습\실습.vcxproj", "{B69A0ADF-AA18-4D20-B0E1-3F3F0862EDAC}"
EndProject
Project("{8BC9CEB8-8B4A-11D0-8D11-00A0C91BC942}") = "계산기", "계산기\계산기.vcxproj", "{0D33A528-C6FF-44CB-80AC-0BCE4ABFEBC8}"
EndProject
Project("{8BC9CEB8-8B4A-11D0-8D11-00A0C91BC942}") = "inf_int_oop", "inf_int_oop\inf_int_oop.vcxproj", "{D2652DD3-D279-4F35-A7DA-BB8861F3E5EF}"
EndProject
Project("{8BC9CEB8-8B4A-11D0-8D11-00A0C91BC942}") = "단어맞추기", "단어맞추기\단어맞추기.vcxproj", "{AAAFEE1C-4C99-4FF9-B13A-556D9AC31F02}"
EndProject
Project("{8BC9CEB8-8B4A-11D0-8D11-00A0C91BC942}") = "구조체_성적출력", "구조체_성적출력\구조체_성적출력.vcxproj", "{8C6508B6-BB3B-42BD-A06F-774BB5701A4F}"
EndProject
Project("{8BC9CEB8-8B4A-11D0-8D11-00A0C91BC942}") = "도서관대여", "도서관대여\도서관대여.vcxproj", "{9818716F-5756-40EE-BA50-94401F7FC60B}"
EndProject
Project("{8BC9CEB8-8B4A-11D0-8D11-00A0C91BC942}") = "마블게임", "마블게임\마블게임.vcxproj", "{F21B4A5C-3374-4D4A-89E7-BD144C697453}"
EndProject
Project("{8BC9CEB8-8B4A-11D0-8D11-00A0C91BC942}") = "대전형테트리스", "대전형테트리스\대전형테트리스.vcxproj", "{6183A422-4555-40A5-BEA9-D8FD744AA848}"
EndProject
Project("{8BC9CEB8-8B4A-11D0-8D11-00A0C91BC942}") = "끝말잇기", "끝말잇기\끝말잇기.vcxproj", "{CE699F35-B356-42F1-A9B7-5D4BE606C046}"
EndProject
Project("{8BC9CEB8-8B4A-11D0-8D11-00A0C91BC942}") = "압축파일목록보기", "압축파일목록보기\압축파일목록보기.vcxproj", "{68FBF424-9E3B-4AA4-835F-87FAA952DD00}"
EndProject
Project("{8BC9CEB8-8B4A-11D0-8D11-00A0C91BC942}") = "소스코드분석기", "소스코드분석기\소스코드분석기.vcxproj", "{A97417BE-4BC3-4960-BB9C-405E16AF08C0}"
EndProject
Project("{8BC9CEB8-8B4A-11D0-8D11-00A0C91BC942}") = "리듬게임_노트제작", "리듬게임_노트제작\리듬게임_노트제작.vcxproj", "{0013CA7E-871C-4D11-BD7D-432D456149EC}"
EndProject
Project("{8BC9CEB8-8B4A-11D0-8D11-00A0C91BC942}") = "리듬게임_플레이", "리듬게임_플레이\리듬게임_플레이.vcxproj", "{C82F3BF5-97BF-4F8A-9047-2FE825B1BE2F}"
EndProject
Project("{8BC9CEB8-8B4A-11D0-8D11-00A0C91BC942}") = "기말", "기말\기말.vcxproj", "{61D8413E-B3F3-46DB-911A-461B12F8C65D}"
EndProject
Global
	GlobalSection(SolutionConfigurationPlatforms) = preSolution
		Debug|x64 = Debug|x64
		Debug|x86 = Debug|x86
		Release|x64 = Release|x64
		Release|x86 = Release|x86
	EndGlobalSection
	GlobalSection(ProjectConfigurationPlatforms) = postSolution
		{AA09DCF9-4CF1-4E06-970C-4BAA897A5848}.Debug|x64.ActiveCfg = Debug|x64
		{AA09DCF9-4CF1-4E06-970C-4BAA897A5848}.Debug|x64.Build.0 = Debug|x64
		{AA09DCF9-4CF1-4E06-970C-4BAA897A5848}.Debug|x86.ActiveCfg = Debug|Win32
		{AA09DCF9-4CF1-4E06-970C-4BAA897A5848}.Debug|x86.Build.0 = Debug|Win32
		{AA09DCF9-4CF1-4E06-970C-4BAA897A5848}.Release|x64.ActiveCfg = Release|x64
		{AA09DCF9-4CF1-4E06-970C-4BAA897A5848}.Release|x64.Build.0 = Release|x64
		{AA09DCF9-4CF1-4E06-970C-4BAA897A5848}.Release|x86.ActiveCfg = Release|Win32
		{AA09DCF9-4CF1-4E06-970C-4BAA897A5848}.Release|x86.Build.0 = Release|Win32
		{C77B954F-3612-40F1-A036-9B411E2D85C3}.Debug|x64.ActiveCfg = Debug|x64
		{C77B954F-3612-40F1-A036-9B411E2D85C3}.Debug|x64.Build.0 = Debug|x64
		{C77B954F-3612-40F1-A036-9B411E2D85C3}.Debug|x86.ActiveCfg = Debug|Win32
		{C77B954F-3612-40F1-A036-9B411E2D85C3}.Debug|x86.Build.0 = Debug|Win32
		{C77B954F-3612-40F1-A036-9B411E2D85C3}.Release|x64.ActiveCfg = Release|x64
		{C77B954F-3612-40F1-A036-9B411E2D85C3}.Release|x64.Build.0 = Release|x64
		{C77B954F-3612-40F1-A036-9B411E2D85C3}.Release|x86.ActiveCfg = Release|Win32
		{C77B954F-3612-40F1-A036-9B411E2D85C3}.Release|x86.Build.0 = Release|Win32
		{8F2EDE25-EA48-4631-882E-181759DD4819}.Debug|x64.ActiveCfg = Debug|x64
		{8F2EDE25-EA48-4631-882E-181759DD4819}.Debug|x64.Build.0 = Debug|x64
		{8F2EDE25-EA48-4631-882E-181759DD4819}.Debug|x86.ActiveCfg = Debug|Win32
		{8F2EDE25-EA48-4631-882E-181759DD4819}.Debug|x86.Build.0 = Debug|Win32
		{8F2EDE25-EA48-4631-882E-181759DD4819}.Release|x64.ActiveCfg = Release|x64
		{8F2EDE25-EA48-4631-882E-181759DD4819}.Release|x64.Build.0 = Release|x64
		{8F2EDE25-EA48-4631-882E-181759DD4819}.Release|x86.ActiveCfg = Release|Win32
		{8F2EDE25-EA48-4631-882E-181759DD4819}.Release|x86.Build.0 = Release|Win32
		{4670EA85-0FF8-4AB5-8D65-BED09E6942E8}.Debug|x64.ActiveCfg = Debug|x64
		{4670EA85-0FF8-4AB5-8D65-BED09E6942E8}.Debug|x64.Build.0 = Debug|x64
		{4670EA85-0FF8-4AB5-8D65-BED09E6942E8}.Debug|x86.ActiveCfg = Debug|Win32
		{4670EA85-0FF8-4AB5-8D65-BED09E6942E8}.Debug|x86.Build.0 = Debug|Win32
		{4670EA85-0FF8-4AB5-8D65-BED09E6942E8}.Release|x64.ActiveCfg = Release|x64
		{4670EA85-0FF8-4AB5-8D65-BED09E6942E8}.Release|x64.Build.0 = Release|x64
		{4670EA85-0FF8-4AB5-8D65-BED09E6942E8}.Release|x86.ActiveCfg = Release|Win32
		{4670EA85-0FF8-4AB5-8D65-BED09E6942E8}.Release|x86.Build.0 = Release|Win32
		{DA6D5D5D-1729-4E83-A92A-516E40882B9A}.Debug|x64.ActiveCfg = Debug|x64
		{DA6D5D5D-1729-4E83-A92A-516E40882B9A}.Debug|x64.Build.0 = Debug|x64
		{DA6D5D5D-1729-4E83-A92A-516E40882B9A}.Debug|x86.ActiveCfg = Debug|Win32
		{DA6D5D5D-1729-4E83-A92A-516E40882B9A}.Debug|x86.Build.0 = Debug|Win32
		{DA6D5D5D-1729-4E83-A92A-516E40882B9A}.Release|x64.ActiveCfg = Release|x64
		{DA6D5D5D-1729-4E83-A92A-516E40882B9A}.Release|x64.Build.0 = Release|x64
		{DA6D5D5D-1729-4E83-A92A-516E40882B9A}.Release|x86.ActiveCfg = Release|Win32
		{DA6D5D5D-1729-4E83-A92A-516E40882B9A}.Release|x86.Build.0 = Release|Win32
		{B69A0ADF-AA18-4D20-B0E1-3F3F0862EDAC}.Debug|x64.ActiveCfg = Debug|x64
		{B69A0ADF-AA18-4D20-B0E1-3F3F0862EDAC}.Debug|x64.Build.0 = Debug|x64
		{B69A0ADF-AA18-4D20-B0E1-3F3F0862EDAC}.Debug|x86.ActiveCfg = Debug|Win32
		{B69A0ADF-AA18-4D20-B0E1-3F3F0862EDAC}.Debug|x86.Build.0 = Debug|Win32
		{B69A0ADF-AA18-4D20-B0E1-3F3F0862EDAC}.Release|x64.ActiveCfg = Release|x64
		{B69A0ADF-AA18-4D20-B0E1-3F3F0862EDAC}.Release|x64.Build.0 = Release|x64
		{B69A0ADF-AA18-4D20-B0E1-3F3F0862EDAC}.Release|x86.ActiveCfg = Release|Win32
		{B69A0ADF-AA18-4D20-B0E1-3F3F0862EDAC}.Release|x86.Build.0 = Release|Win32
		{0D33A528-C6FF-44CB-80AC-0BCE4ABFEBC8}.Debug|x64.ActiveCfg = Debug|x64
		{0D33A528-C6FF-44CB-80AC-0BCE4ABFEBC8}.Debug|x64.Build.0 = Debug|x64
		{0D33A528-C6FF-44CB-80AC-0BCE4ABFEBC8}.Debug|x86.ActiveCfg = Debug|Win32
		{0D33A528-C6FF-44CB-80AC-0BCE4ABFEBC8}.Debug|x86.Build.0 = Debug|Win32
		{0D33A528-C6FF-44CB-80AC-0BCE4ABFEBC8}.Release|x64.ActiveCfg = Release|x64
		{0D33A528-C6FF-44CB-80AC-0BCE4ABFEBC8}.Release|x64.Build.0 = Release|x64
		{0D33A528-C6FF-44CB-80AC-0BCE4ABFEBC8}.Release|x86.ActiveCfg = Release|Win32
		{0D33A528-C6FF-44CB-80AC-0BCE4ABFEBC8}.Release|x86.Build.0 = Release|Win32
		{D2652DD3-D279-4F35-A7DA-BB8861F3E5EF}.Debug|x64.ActiveCfg = Debug|x64
		{D2652DD3-D279-4F35-A7DA-BB8861F3E5EF}.Debug|x64.Build.0 = Debug|x64
		{D2652DD3-D279-4F35-A7DA-BB8861F3E5EF}.Debug|x86.ActiveCfg = Debug|Win32
		{D2652DD3-D279-4F35-A7DA-BB8861F3E5EF}.Debug|x86.Build.0 = Debug|Win32
		{D2652DD3-D279-4F35-A7DA-BB8861F3E5EF}.Release|x64.ActiveCfg = Release|x64
		{D2652DD3-D279-4F35-A7DA-BB8861F3E5EF}.Release|x64.Build.0 = Release|x64
		{D2652DD3-D279-4F35-A7DA-BB8861F3E5EF}.Release|x86.ActiveCfg = Release|Win32
		{D2652DD3-D279-4F35-A7DA-BB8861F3E5EF}.Release|x86.Build.0 = Release|Win32
		{AAAFEE1C-4C99-4FF9-B13A-556D9AC31F02}.Debug|x64.ActiveCfg = Debug|x64
		{AAAFEE1C-4C99-4FF9-B13A-556D9AC31F02}.Debug|x64.Build.0 = Debug|x64
		{AAAFEE1C-4C99-4FF9-B13A-556D9AC31F02}.Debug|x86.ActiveCfg = Debug|Win32
		{AAAFEE1C-4C99-4FF9-B13A-556D9AC31F02}.Debug|x86.Build.0 = Debug|Win32
		{AAAFEE1C-4C99-4FF9-B13A-556D9AC31F02}.Release|x64.ActiveCfg = Release|x64
		{AAAFEE1C-4C99-4FF9-B13A-556D9AC31F02}.Release|x64.Build.0 = Release|x64
		{AAAFEE1C-4C99-4FF9-B13A-556D9AC31F02}.Release|x86.ActiveCfg = Release|Win32
		{AAAFEE1C-4C99-4FF9-B13A-556D9AC31F02}.Release|x86.Build.0 = Release|Win32
		{8C6508B6-BB3B-42BD-A06F-774BB5701A4F}.Debug|x64.ActiveCfg = Debug|x64
		{8C6508B6-BB3B-42BD-A06F-774BB5701A4F}.Debug|x64.Build.0 = Debug|x64
		{8C6508B6-BB3B-42BD-A06F-774BB5701A4F}.Debug|x86.ActiveCfg = Debug|Win32
		{8C6508B6-BB3B-42BD-A06F-774BB5701A4F}.Debug|x86.Build.0 = Debug|Win32
		{8C6508B6-BB3B-42BD-A06F-774BB5701A4F}.Release|x64.ActiveCfg = Release|x64
		{8C6508B6-BB3B-42BD-A06F-774BB5701A4F}.Release|x64.Build.0 = Release|x64
		{8C6508B6-BB3B-42BD-A06F-774BB5701A4F}.Release|x86.ActiveCfg = Release|Win32
		{8C6508B6-BB3B-42BD-A06F-774BB5701A4F}.Release|x86.Build.0 = Release|Win32
		{9818716F-5756-40EE-BA50-94401F7FC60B}.Debug|x64.ActiveCfg = Debug|x64
		{9818716F-5756-40EE-BA50-94401F7FC60B}.Debug|x64.Build.0 = Debug|x64
		{9818716F-5756-40EE-BA50-94401F7FC60B}.Debug|x86.ActiveCfg = Debug|Win32
		{9818716F-5756-40EE-BA50-94401F7FC60B}.Debug|x86.Build.0 = Debug|Win32
		{9818716F-5756-40EE-BA50-94401F7FC60B}.Release|x64.ActiveCfg = Release|x64
		{9818716F-5756-40EE-BA50-94401F7FC60B}.Release|x64.Build.0 = Release|x64
		{9818716F-5756-40EE-BA50-94401F7FC60B}.Release|x86.ActiveCfg = Release|Win32
		{9818716F-5756-40EE-BA50-94401F7FC60B}.Release|x86.Build.0 = Release|Win32
		{F21B4A5C-3374-4D4A-89E7-BD144C697453}.Debug|x64.ActiveCfg = Debug|x64
		{F21B4A5C-3374-4D4A-89E7-BD144C697453}.Debug|x64.Build.0 = Debug|x64
		{F21B4A5C-3374-4D4A-89E7-BD144C697453}.Debug|x86.ActiveCfg = Debug|Win32
		{F21B4A5C-3374-4D4A-89E7-BD144C697453}.Debug|x86.Build.0 = Debug|Win32
		{F21B4A5C-3374-4D4A-89E7-BD144C697453}.Release|x64.ActiveCfg = Release|x64
		{F21B4A5C-3374-4D4A-89E7-BD144C697453}.Release|x64.Build.0 = Release|x64
		{F21B4A5C-3374-4D4A-89E7-BD144C697453}.Release|x86.ActiveCfg = Release|Win32
		{F21B4A5C-3374-4D4A-89E7-BD144C697453}.Release|x86.Build.0 = Release|Win32
		{6183A422-4555-40A5-BEA9-D8FD744AA848}.Debug|x64.ActiveCfg = Debug|x64
		{6183A422-4555-40A5-BEA9-D8FD744AA848}.Debug|x64.Build.0 = Debug|x64
		{6183A422-4555-40A5-BEA9-D8FD744AA848}.Debug|x86.ActiveCfg = Debug|Win32
		{6183A422-4555-40A5-BEA9-D8FD744AA848}.Debug|x86.Build.0 = Debug|Win32
		{6183A422-4555-40A5-BEA9-D8FD744AA848}.Release|x64.ActiveCfg = Release|x64
		{6183A422-4555-40A5-BEA9-D8FD744AA848}.Release|x64.Build.0 = Release|x64
		{6183A422-4555-40A5-BEA9-D8FD744AA848}.Release|x86.ActiveCfg = Release|Win32
		{6183A422-4555-40A5-BEA9-D8FD744AA848}.Release|x86.Build.0 = Release|Win32
		{CE699F35-B356-42F1-A9B7-5D4BE606C046}.Debug|x64.ActiveCfg = Debug|x64
		{CE699F35-B356-42F1-A9B7-5D4BE606C046}.Debug|x64.Build.0 = Debug|x64
		{CE699F35-B356-42F1-A9B7-5D4BE606C046}.Debug|x86.ActiveCfg = Debug|Win32
		{CE699F35-B356-42F1-A9B7-5D4BE606C046}.Debug|x86.Build.0 = Debug|Win32
		{CE699F35-B356-42F1-A9B7-5D4BE606C046}.Release|x64.ActiveCfg = Release|x64
		{CE699F35-B356-42F1-A9B7-5D4BE606C046}.Release|x64.Build.0 = Release|x64
		{CE699F35-B356-42F1-A9B7-5D4BE606C046}.Release|x86.ActiveCfg = Release|Win32
		{CE699F35-B356-42F1-A9B7-5D4BE606C046}.Release|x86.Build.0 = Release|Win32
		{68FBF424-9E3B-4AA4-835F-87FAA952DD00}.Debug|x64.ActiveCfg = Debug|x64
		{68FBF424-9E3B-4AA4-835F-87FAA952DD00}.Debug|x64.Build.0 = Debug|x64
		{68FBF424-9E3B-4AA4-835F-87FAA952DD00}.Debug|x86.ActiveCfg = Debug|Win32
		{68FBF424-9E3B-4AA4-835F-87FAA952DD00}.Debug|x86.Build.0 = Debug|Win32
		{68FBF424-9E3B-4AA4-835F-87FAA952DD00}.Release|x64.ActiveCfg = Release|x64
		{68FBF424-9E3B-4AA4-835F-87FAA952DD00}.Release|x64.Build.0 = Release|x64
		{68FBF424-9E3B-4AA4-835F-87FAA952DD00}.Release|x86.ActiveCfg = Release|Win32
		{68FBF424-9E3B-4AA4-835F-87FAA952DD00}.Release|x86.Build.0 = Release|Win32
		{A97417BE-4BC3-4960-BB9C-405E16AF08C0}.Debug|x64.ActiveCfg = Debug|x64
		{A97417BE-4BC3-4960-BB9C-405E16AF08C0}.Debug|x64.Build.0 = Debug|x64
		{A97417BE-4BC3-4960-BB9C-405E16AF08C0}.Debug|x86.ActiveCfg = Debug|Win32
		{A97417BE-4BC3-4960-BB9C-405E16AF08C0}.Debug|x86.Build.0 = Debug|Win32
		{A97417BE-4BC3-4960-BB9C-405E16AF08C0}.Release|x64.ActiveCfg = Release|x64
		{A97417BE-4BC3-4960-BB9C-405E16AF08C0}.Release|x64.Build.0 = Release|x64
		{A97417BE-4BC3-4960-BB9C-405E16AF08C0}.Release|x86.ActiveCfg = Release|Win32
		{A97417BE-4BC3-4960-BB9C-405E16AF08C0}.Release|x86.Build.0 = Release|Win32
		{0013CA7E-871C-4D11-BD7D-432D456149EC}.Debug|x64.ActiveCfg = Debug|x64
		{0013CA7E-871C-4D11-BD7D-432D456149EC}.Debug|x64.Build.0 = Debug|x64
		{0013CA7E-871C-4D11-BD7D-432D456149EC}.Debug|x86.ActiveCfg = Debug|Win32
		{0013CA7E-871C-4D11-BD7D-432D456149EC}.Debug|x86.Build.0 = Debug|Win32
		{0013CA7E-871C-4D11-BD7D-432D456149EC}.Release|x64.ActiveCfg = Release|x64
		{0013CA7E-871C-4D11-BD7D-432D456149EC}.Release|x64.Build.0 = Release|x64
		{0013CA7E-871C-4D11-BD7D-432D456149EC}.Release|x86.ActiveCfg = Release|Win32
		{0013CA7E-871C-4D11-BD7D-432D456149EC}.Release|x86.Build.0 = Release|Win32
		{C82F3BF5-97BF-4F8A-9047-2FE825B1BE2F}.Debug|x64.ActiveCfg = Debug|x64
		{C82F3BF5-97BF-4F8A-9047-2FE825B1BE2F}.Debug|x64.Build.0 = Debug|x64
		{C82F3BF5-97BF-4F8A-9047-2FE825B1BE2F}.Debug|x86.ActiveCfg = Debug|Win32
		{C82F3BF5-97BF-4F8A-9047-2FE825B1BE2F}.Debug|x86.Build.0 = Debug|Win32
		{C82F3BF5-97BF-4F8A-9047-2FE825B1BE2F}.Release|x64.ActiveCfg = Release|x64
		{C82F3BF5-97BF-4F8A-9047-2FE825B1BE2F}.Release|x64.Build.0 = Release|x64
		{C82F3BF5-97BF-4F8A-9047-2FE825B1BE2F}.Release|x86.ActiveCfg = Release|Win32
		{C82F3BF5-97BF-4F8A-9047-2FE825B1BE2F}.Release|x86.Build.0 = Release|Win32
		{61D8413E-B3F3-46DB-911A-461B12F8C65D}.Debug|x64.ActiveCfg = Debug|x64
		{61D8413E-B3F3-46DB-911A-461B12F8C65D}.Debug|x64.Build.0 = Debug|x64
		{61D8413E-B3F3-46DB-911A-461B12F8C65D}.Debug|x86.ActiveCfg = Debug|Win32
		{61D8413E-B3F3-46DB-911A-461B12F8C65D}.Debug|x86.Build.0 = Debug|Win32
		{61D8413E-B3F3-46DB-911A-461B12F8C65D}.Release|x64.ActiveCfg = Release|x64
		{61D8413E-B3F3-46DB-911A-461B12F8C65D}.Release|x64.Build.0 = Release|x64
		{61D8413E-B3F3-46DB-911A-461B12F8C65D}.Release|x86.ActiveCfg = Release|Win32
		{61D8413E-B3F3-46DB-911A-461B12F8C65D}.Release|x86.Build.0 = Release|Win32
	EndGlobalSection
	GlobalSection(SolutionProperties) = preSolution
		HideSolutionNode = FALSE
	EndGlobalSection
	GlobalSection(NestedProjects) = preSolution
		{C77B954F-3612-40F1-A036-9B411E2D85C3} = {47892F65-2D70-4ADD-8954-6DDB043FB26A}
		{8F2EDE25-EA48-4631-882E-181759DD4819} = {47892F65-2D70-4ADD-8954-6DDB043FB26A}
		{4670EA85-0FF8-4AB5-8D65-BED09E6942E8} = {47892F65-2D70-4ADD-8954-6DDB043FB26A}
		{DA6D5D5D-1729-4E83-A92A-516E40882B9A} = {47892F65-2D70-4ADD-8954-6DDB043FB26A}
		{B69A0ADF-AA18-4D20-B0E1-3F3F0862EDAC} = {47892F65-2D70-4ADD-8954-6DDB043FB26A}
		{0D33A528-C6FF-44CB-80AC-0BCE4ABFEBC8} = {47892F65-2D70-4ADD-8954-6DDB043FB26A}
		{AAAFEE1C-4C99-4FF9-B13A-556D9AC31F02} = {47892F65-2D70-4ADD-8954-6DDB043FB26A}
		{8C6508B6-BB3B-42BD-A06F-774BB5701A4F} = {47892F65-2D70-4ADD-8954-6DDB043FB26A}
		{9818716F-5756-40EE-BA50-94401F7FC60B} = {47892F65-2D70-4ADD-8954-6DDB043FB26A}
		{F21B4A5C-3374-4D4A-89E7-BD144C697453} = {47892F65-2D70-4ADD-8954-6DDB043FB26A}
		{6183A422-4555-40A5-BEA9-D8FD744AA848} = {47892F65-2D70-4ADD-8954-6DDB043FB26A}
		{CE699F35-B356-42F1-A9B7-5D4BE606C046} = {47892F65-2D70-4ADD-8954-6DDB043FB26A}
		{68FBF424-9E3B-4AA4-835F-87FAA952DD00} = {47892F65-2D70-4ADD-8954-6DDB043FB26A}
		{A97417BE-4BC3-4960-BB9C-405E16AF08C0} = {47892F65-2D70-4ADD-8954-6DDB043FB26A}
		{0013CA7E-871C-4D11-BD7D-432D456149EC} = {47892F65-2D70-4ADD-8954-6DDB043FB26A}
		{C82F3BF5-97BF-4F8A-9047-2FE825B1BE2F} = {47892F65-2D70-4ADD-8954-6DDB043FB26A}
		{61D8413E-B3F3-46DB-911A-461B12F8C65D} = {47892F65-2D70-4ADD-8954-6DDB043FB26A}
	EndGlobalSection
	GlobalSection(ExtensibilityGlobals) = postSolution
		SolutionGuid = {7BEB9394-6680-41A8-A1DC-4AFFEC0DE5C0}
	EndGlobalSection
EndGlobal
